
Microsoft Visual Studio Solution File, Format Version 12.00
# Visual Studio Version 17
VisualStudioVersion = 17.8.34330.188
MinimumVisualStudioVersion = 10.0.40219.1
Project("{9A19103F-16F7-4668-BE54-9A1E7A4F7556}") = "Entities", "Entities\Entities.csproj", "{62DD3F8F-C8E5-400A-A85D-710B7EC350CB}"
EndProject
Project("{9A19103F-16F7-4668-BE54-9A1E7A4F7556}") = "DataAccess", "DataAccess\DataAccess.csproj", "{71725CBB-A62E-47ED-95C1-0715C39CC60D}"
EndProject
Project("{9A19103F-16F7-4668-BE54-9A1E7A4F7556}") = "Business", "Business\Business.csproj", "{C6F9D100-446C-46DA-8AFE-FA2C9342A594}"
EndProject
Project("{9A19103F-16F7-4668-BE54-9A1E7A4F7556}") = "Core", "Core\Core.csproj", "{4438FC10-BC51-4055-8C17-BAF9239BF435}"
EndProject
Project("{FAE04EC0-301F-11D3-BF4B-00C04F79EFBC}") = "WebApi", "WebApi\WebApi.csproj", "{E6227B95-4C82-40B0-A093-54DB0F97B75E}"
EndProject
Global
	GlobalSection(SolutionConfigurationPlatforms) = preSolution
		Debug|Any CPU = Debug|Any CPU
		Release|Any CPU = Release|Any CPU
	EndGlobalSection
	GlobalSection(ProjectConfigurationPlatforms) = postSolution
		{62DD3F8F-C8E5-400A-A85D-710B7EC350CB}.Debug|Any CPU.ActiveCfg = Debug|Any CPU
		{62DD3F8F-C8E5-400A-A85D-710B7EC350CB}.Debug|Any CPU.Build.0 = Debug|Any CPU
		{62DD3F8F-C8E5-400A-A85D-710B7EC350CB}.Release|Any CPU.ActiveCfg = Release|Any CPU
		{62DD3F8F-C8E5-400A-A85D-710B7EC350CB}.Release|Any CPU.Build.0 = Release|Any CPU
		{71725CBB-A62E-47ED-95C1-0715C39CC60D}.Debug|Any CPU.ActiveCfg = Debug|Any CPU
		{71725CBB-A62E-47ED-95C1-0715C39CC60D}.Debug|Any CPU.Build.0 = Debug|Any CPU
		{71725CBB-A62E-47ED-95C1-0715C39CC60D}.Release|Any CPU.ActiveCfg = Release|Any CPU
		{71725CBB-A62E-47ED-95C1-0715C39CC60D}.Release|Any CPU.Build.0 = Release|Any CPU
		{C6F9D100-446C-46DA-8AFE-FA2C9342A594}.Debug|Any CPU.ActiveCfg = Debug|Any CPU
		{C6F9D100-446C-46DA-8AFE-FA2C9342A594}.Debug|Any CPU.Build.0 = Debug|Any CPU
		{C6F9D100-446C-46DA-8AFE-FA2C9342A594}.Release|Any CPU.ActiveCfg = Release|Any CPU
		{C6F9D100-446C-46DA-8AFE-FA2C9342A594}.Release|Any CPU.Build.0 = Release|Any CPU
		{4438FC10-BC51-4055-8C17-BAF9239BF435}.Debug|Any CPU.ActiveCfg = Debug|Any CPU
		{4438FC10-BC51-4055-8C17-BAF9239BF435}.Debug|Any CPU.Build.0 = Debug|Any CPU
		{4438FC10-BC51-4055-8C17-BAF9239BF435}.Release|Any CPU.ActiveCfg = Release|Any CPU
		{4438FC10-BC51-4055-8C17-BAF9239BF435}.Release|Any CPU.Build.0 = Release|Any CPU
		{E6227B95-4C82-40B0-A093-54DB0F97B75E}.Debug|Any CPU.ActiveCfg = Debug|Any CPU
		{E6227B95-4C82-40B0-A093-54DB0F97B75E}.Debug|Any CPU.Build.0 = Debug|Any CPU
		{E6227B95-4C82-40B0-A093-54DB0F97B75E}.Release|Any CPU.ActiveCfg = Release|Any CPU
		{E6227B95-4C82-40B0-A093-54DB0F97B75E}.Release|Any CPU.Build.0 = Release|Any CPU
	EndGlobalSection
	GlobalSection(SolutionProperties) = preSolution
		HideSolutionNode = FALSE
	EndGlobalSection
	GlobalSection(ExtensibilityGlobals) = postSolution
		SolutionGuid = {374F1DEA-E93E-4436-859E-28AF180990DD}
	EndGlobalSection
EndGlobal
